// !$*UTF8*$!
{
	archiveVersion = 1;
	classes = {
	};
	objectVersion = 48;
	objects = {

/* Begin PBXBuildFile section */
		862A2F1F211AC9DB00C7EB02 /* AuthService.swift in Sources */ = {isa = PBXBuildFile; fileRef = 862A2F1E211AC9DB00C7EB02 /* AuthService.swift */; };
		862A2F21211AEB0200C7EB02 /* RoundedButton.swift in Sources */ = {isa = PBXBuildFile; fileRef = 862A2F20211AEB0200C7EB02 /* RoundedButton.swift */; };
		862A2F23211AFADA00C7EB02 /* UserDataService.swift in Sources */ = {isa = PBXBuildFile; fileRef = 862A2F22211AFADA00C7EB02 /* UserDataService.swift */; };
		862A2F25211D451400C7EB02 /* AvatarPickerVC.swift in Sources */ = {isa = PBXBuildFile; fileRef = 862A2F24211D451400C7EB02 /* AvatarPickerVC.swift */; };
		862A2F27211D48E100C7EB02 /* AvatarCell.swift in Sources */ = {isa = PBXBuildFile; fileRef = 862A2F26211D48E100C7EB02 /* AvatarCell.swift */; };
		862A2F29211D597600C7EB02 /* CircleImage.swift in Sources */ = {isa = PBXBuildFile; fileRef = 862A2F28211D597600C7EB02 /* CircleImage.swift */; };
		862A2F2D211D896600C7EB02 /* UserProfileVC.xib in Resources */ = {isa = PBXBuildFile; fileRef = 862A2F2B211D896600C7EB02 /* UserProfileVC.xib */; };
		862A2F34211D9B0700C7EB02 /* UserProfileVC.swift in Sources */ = {isa = PBXBuildFile; fileRef = 862A2F33211D9B0700C7EB02 /* UserProfileVC.swift */; };
		8630BEF52119509800767004 /* AppDelegate.swift in Sources */ = {isa = PBXBuildFile; fileRef = 8630BEF42119509800767004 /* AppDelegate.swift */; };
		8630BEF72119509800767004 /* ChannelVC.swift in Sources */ = {isa = PBXBuildFile; fileRef = 8630BEF62119509800767004 /* ChannelVC.swift */; };
		8630BEFA2119509800767004 /* Main.storyboard in Resources */ = {isa = PBXBuildFile; fileRef = 8630BEF82119509800767004 /* Main.storyboard */; };
		8630BEFC2119509800767004 /* Assets.xcassets in Resources */ = {isa = PBXBuildFile; fileRef = 8630BEFB2119509800767004 /* Assets.xcassets */; };
		8630BEFF2119509800767004 /* LaunchScreen.storyboard in Resources */ = {isa = PBXBuildFile; fileRef = 8630BEFD2119509800767004 /* LaunchScreen.storyboard */; };
		86B74588211E956F00294B2A /* MessagesService.swift in Sources */ = {isa = PBXBuildFile; fileRef = 86B74587211E956F00294B2A /* MessagesService.swift */; };
		86B7458A211E95DD00294B2A /* Channel.swift in Sources */ = {isa = PBXBuildFile; fileRef = 86B74589211E95DD00294B2A /* Channel.swift */; };
		86B7458C211E9ECB00294B2A /* ChannelCell.swift in Sources */ = {isa = PBXBuildFile; fileRef = 86B7458B211E9ECB00294B2A /* ChannelCell.swift */; };
		86B7458F211EA60B00294B2A /* AddChannelVC.swift in Sources */ = {isa = PBXBuildFile; fileRef = 86B7458D211EA60B00294B2A /* AddChannelVC.swift */; };
		86B74590211EA60B00294B2A /* AddChannelVC.xib in Resources */ = {isa = PBXBuildFile; fileRef = 86B7458E211EA60B00294B2A /* AddChannelVC.xib */; };
		86B74592211EB7B300294B2A /* SocketService.swift in Sources */ = {isa = PBXBuildFile; fileRef = 86B74591211EB7B300294B2A /* SocketService.swift */; };
		86B74594211ED9FB00294B2A /* Message.swift in Sources */ = {isa = PBXBuildFile; fileRef = 86B74593211ED9FB00294B2A /* Message.swift */; };
		86B74596211EF55200294B2A /* KeyboardBoundView.swift in Sources */ = {isa = PBXBuildFile; fileRef = 86B74595211EF55100294B2A /* KeyboardBoundView.swift */; };
		86B74598211EF90D00294B2A /* MessageCell.swift in Sources */ = {isa = PBXBuildFile; fileRef = 86B74597211EF90D00294B2A /* MessageCell.swift */; };
		86B778332119A386004D5FB9 /* Pods_Smack.framework in Frameworks */ = {isa = PBXBuildFile; fileRef = F4E22C92FE6FF13897CCF62A /* Pods_Smack.framework */; };
		86B778352119ABDD004D5FB9 /* ChatVC.swift in Sources */ = {isa = PBXBuildFile; fileRef = 86B778342119ABDD004D5FB9 /* ChatVC.swift */; };
		86B778372119B378004D5FB9 /* GradientView.swift in Sources */ = {isa = PBXBuildFile; fileRef = 86B778362119B378004D5FB9 /* GradientView.swift */; };
		86B7783A2119C6E6004D5FB9 /* Constants.swift in Sources */ = {isa = PBXBuildFile; fileRef = 86B778392119C6E6004D5FB9 /* Constants.swift */; };
		86B7783C2119D0B5004D5FB9 /* LoginVC.swift in Sources */ = {isa = PBXBuildFile; fileRef = 86B7783B2119D0B5004D5FB9 /* LoginVC.swift */; };
		86B7783E2119D3F7004D5FB9 /* CreateAccountVC.swift in Sources */ = {isa = PBXBuildFile; fileRef = 86B7783D2119D3F7004D5FB9 /* CreateAccountVC.swift */; };
		86C2B44F211993160024659F /* SWRevealViewController.m in Sources */ = {isa = PBXBuildFile; fileRef = 86C2B44E211993160024659F /* SWRevealViewController.m */; };
/* End PBXBuildFile section */

/* Begin PBXFileReference section */
		1A2EA306AFC451F45DFD50D5 /* Pods-Smack.debug.xcconfig */ = {isa = PBXFileReference; includeInIndex = 1; lastKnownFileType = text.xcconfig; name = "Pods-Smack.debug.xcconfig"; path = "Pods/Target Support Files/Pods-Smack/Pods-Smack.debug.xcconfig"; sourceTree = "<group>"; };
		3BB0070DF0ABAC5198CDD460 /* Pods-Smack.release.xcconfig */ = {isa = PBXFileReference; includeInIndex = 1; lastKnownFileType = text.xcconfig; name = "Pods-Smack.release.xcconfig"; path = "Pods/Target Support Files/Pods-Smack/Pods-Smack.release.xcconfig"; sourceTree = "<group>"; };
		862A2F1E211AC9DB00C7EB02 /* AuthService.swift */ = {isa = PBXFileReference; lastKnownFileType = sourcecode.swift; path = AuthService.swift; sourceTree = "<group>"; };
		862A2F20211AEB0200C7EB02 /* RoundedButton.swift */ = {isa = PBXFileReference; lastKnownFileType = sourcecode.swift; path = RoundedButton.swift; sourceTree = "<group>"; };
		862A2F22211AFADA00C7EB02 /* UserDataService.swift */ = {isa = PBXFileReference; lastKnownFileType = sourcecode.swift; path = UserDataService.swift; sourceTree = "<group>"; };
		862A2F24211D451400C7EB02 /* AvatarPickerVC.swift */ = {isa = PBXFileReference; lastKnownFileType = sourcecode.swift; path = AvatarPickerVC.swift; sourceTree = "<group>"; };
		862A2F26211D48E100C7EB02 /* AvatarCell.swift */ = {isa = PBXFileReference; lastKnownFileType = sourcecode.swift; path = AvatarCell.swift; sourceTree = "<group>"; };
		862A2F28211D597600C7EB02 /* CircleImage.swift */ = {isa = PBXFileReference; lastKnownFileType = sourcecode.swift; path = CircleImage.swift; sourceTree = "<group>"; };
		862A2F2B211D896600C7EB02 /* UserProfileVC.xib */ = {isa = PBXFileReference; lastKnownFileType = file.xib; path = UserProfileVC.xib; sourceTree = "<group>"; };
		862A2F33211D9B0700C7EB02 /* UserProfileVC.swift */ = {isa = PBXFileReference; lastKnownFileType = sourcecode.swift; path = UserProfileVC.swift; sourceTree = "<group>"; };
		8630BEF12119509800767004 /* Smack.app */ = {isa = PBXFileReference; explicitFileType = wrapper.application; includeInIndex = 0; path = Smack.app; sourceTree = BUILT_PRODUCTS_DIR; };
		8630BEF42119509800767004 /* AppDelegate.swift */ = {isa = PBXFileReference; lastKnownFileType = sourcecode.swift; path = AppDelegate.swift; sourceTree = "<group>"; };
		8630BEF62119509800767004 /* ChannelVC.swift */ = {isa = PBXFileReference; lastKnownFileType = sourcecode.swift; path = ChannelVC.swift; sourceTree = "<group>"; };
		8630BEF92119509800767004 /* Base */ = {isa = PBXFileReference; lastKnownFileType = file.storyboard; name = Base; path = Base.lproj/Main.storyboard; sourceTree = "<group>"; };
		8630BEFB2119509800767004 /* Assets.xcassets */ = {isa = PBXFileReference; lastKnownFileType = folder.assetcatalog; path = Assets.xcassets; sourceTree = "<group>"; };
		8630BEFE2119509800767004 /* Base */ = {isa = PBXFileReference; lastKnownFileType = file.storyboard; name = Base; path = Base.lproj/LaunchScreen.storyboard; sourceTree = "<group>"; };
		8630BF002119509800767004 /* Info.plist */ = {isa = PBXFileReference; lastKnownFileType = text.plist.xml; path = Info.plist; sourceTree = "<group>"; };
		86B74587211E956F00294B2A /* MessagesService.swift */ = {isa = PBXFileReference; lastKnownFileType = sourcecode.swift; path = MessagesService.swift; sourceTree = "<group>"; };
		86B74589211E95DD00294B2A /* Channel.swift */ = {isa = PBXFileReference; lastKnownFileType = sourcecode.swift; path = Channel.swift; sourceTree = "<group>"; };
		86B7458B211E9ECB00294B2A /* ChannelCell.swift */ = {isa = PBXFileReference; lastKnownFileType = sourcecode.swift; path = ChannelCell.swift; sourceTree = "<group>"; };
		86B7458D211EA60B00294B2A /* AddChannelVC.swift */ = {isa = PBXFileReference; lastKnownFileType = sourcecode.swift; path = AddChannelVC.swift; sourceTree = "<group>"; };
		86B7458E211EA60B00294B2A /* AddChannelVC.xib */ = {isa = PBXFileReference; lastKnownFileType = file.xib; path = AddChannelVC.xib; sourceTree = "<group>"; };
		86B74591211EB7B300294B2A /* SocketService.swift */ = {isa = PBXFileReference; lastKnownFileType = sourcecode.swift; path = SocketService.swift; sourceTree = "<group>"; };
		86B74593211ED9FB00294B2A /* Message.swift */ = {isa = PBXFileReference; lastKnownFileType = sourcecode.swift; path = Message.swift; sourceTree = "<group>"; };
		86B74595211EF55100294B2A /* KeyboardBoundView.swift */ = {isa = PBXFileReference; fileEncoding = 4; lastKnownFileType = sourcecode.swift; path = KeyboardBoundView.swift; sourceTree = "<group>"; };
		86B74597211EF90D00294B2A /* MessageCell.swift */ = {isa = PBXFileReference; lastKnownFileType = sourcecode.swift; path = MessageCell.swift; sourceTree = "<group>"; };
		86B778342119ABDD004D5FB9 /* ChatVC.swift */ = {isa = PBXFileReference; lastKnownFileType = sourcecode.swift; path = ChatVC.swift; sourceTree = "<group>"; };
		86B778362119B378004D5FB9 /* GradientView.swift */ = {isa = PBXFileReference; lastKnownFileType = sourcecode.swift; path = GradientView.swift; sourceTree = "<group>"; };
		86B778392119C6E6004D5FB9 /* Constants.swift */ = {isa = PBXFileReference; lastKnownFileType = sourcecode.swift; path = Constants.swift; sourceTree = "<group>"; };
		86B7783B2119D0B5004D5FB9 /* LoginVC.swift */ = {isa = PBXFileReference; lastKnownFileType = sourcecode.swift; path = LoginVC.swift; sourceTree = "<group>"; };
		86B7783D2119D3F7004D5FB9 /* CreateAccountVC.swift */ = {isa = PBXFileReference; lastKnownFileType = sourcecode.swift; path = CreateAccountVC.swift; sourceTree = "<group>"; };
		86C2B44C211993130024659F /* Smack-Bridging-Header.h */ = {isa = PBXFileReference; lastKnownFileType = sourcecode.c.h; path = "Smack-Bridging-Header.h"; sourceTree = "<group>"; };
		86C2B44D211993150024659F /* SWRevealViewController.h */ = {isa = PBXFileReference; fileEncoding = 4; lastKnownFileType = sourcecode.c.h; path = SWRevealViewController.h; sourceTree = "<group>"; };
		86C2B44E211993160024659F /* SWRevealViewController.m */ = {isa = PBXFileReference; fileEncoding = 4; lastKnownFileType = sourcecode.c.objc; path = SWRevealViewController.m; sourceTree = "<group>"; };
		F4E22C92FE6FF13897CCF62A /* Pods_Smack.framework */ = {isa = PBXFileReference; explicitFileType = wrapper.framework; includeInIndex = 0; path = Pods_Smack.framework; sourceTree = BUILT_PRODUCTS_DIR; };
/* End PBXFileReference section */

/* Begin PBXFrameworksBuildPhase section */
		8630BEEE2119509800767004 /* Frameworks */ = {
			isa = PBXFrameworksBuildPhase;
			buildActionMask = 2147483647;
			files = (
				86B778332119A386004D5FB9 /* Pods_Smack.framework in Frameworks */,
			);
			runOnlyForDeploymentPostprocessing = 0;
		};
/* End PBXFrameworksBuildPhase section */

/* Begin PBXGroup section */
		7E1AE0453C0C42F4D94F0BF3 /* Frameworks */ = {
			isa = PBXGroup;
			children = (
				F4E22C92FE6FF13897CCF62A /* Pods_Smack.framework */,
			);
			name = Frameworks;
			sourceTree = "<group>";
		};
		862A2F1D211AC9B400C7EB02 /* Services */ = {
			isa = PBXGroup;
			children = (
				862A2F1E211AC9DB00C7EB02 /* AuthService.swift */,
				862A2F22211AFADA00C7EB02 /* UserDataService.swift */,
				86B74587211E956F00294B2A /* MessagesService.swift */,
				86B74591211EB7B300294B2A /* SocketService.swift */,
			);
			path = Services;
			sourceTree = "<group>";
		};
		862A2F2E211D898600C7EB02 /* XIBs */ = {
			isa = PBXGroup;
			children = (
				86B7458E211EA60B00294B2A /* AddChannelVC.xib */,
				862A2F2B211D896600C7EB02 /* UserProfileVC.xib */,
			);
			path = XIBs;
			sourceTree = "<group>";
		};
		8630BEE82119509800767004 = {
			isa = PBXGroup;
			children = (
				8630BEF32119509800767004 /* Smack */,
				8630BEF22119509800767004 /* Products */,
				CE9B8BDB54E4F3B5F84E2A55 /* Pods */,
				7E1AE0453C0C42F4D94F0BF3 /* Frameworks */,
			);
			sourceTree = "<group>";
		};
		8630BEF22119509800767004 /* Products */ = {
			isa = PBXGroup;
			children = (
				8630BEF12119509800767004 /* Smack.app */,
			);
			name = Products;
			sourceTree = "<group>";
		};
		8630BEF32119509800767004 /* Smack */ = {
			isa = PBXGroup;
			children = (
				862A2F2E211D898600C7EB02 /* XIBs */,
				862A2F1D211AC9B400C7EB02 /* Services */,
				86B778382119C6C1004D5FB9 /* Utility */,
				86E1C77721199B9F005A5BDF /* Model */,
				86E1C77621199B93005A5BDF /* View */,
				86C2B44B211992960024659F /* Controller */,
				86C2B448211992700024659F /* Supporting Files */,
				8630BEF42119509800767004 /* AppDelegate.swift */,
				8630BEF82119509800767004 /* Main.storyboard */,
				8630BEFB2119509800767004 /* Assets.xcassets */,
				8630BEFD2119509800767004 /* LaunchScreen.storyboard */,
				8630BF002119509800767004 /* Info.plist */,
			);
			path = Smack;
			sourceTree = "<group>";
		};
		86B778382119C6C1004D5FB9 /* Utility */ = {
			isa = PBXGroup;
			children = (
				86B778392119C6E6004D5FB9 /* Constants.swift */,
			);
			path = Utility;
			sourceTree = "<group>";
		};
		86C2B448211992700024659F /* Supporting Files */ = {
			isa = PBXGroup;
			children = (
				86C2B44D211993150024659F /* SWRevealViewController.h */,
				86C2B44E211993160024659F /* SWRevealViewController.m */,
				86C2B44C211993130024659F /* Smack-Bridging-Header.h */,
			);
			path = "Supporting Files";
			sourceTree = "<group>";
		};
		86C2B44B211992960024659F /* Controller */ = {
			isa = PBXGroup;
			children = (
				86B778342119ABDD004D5FB9 /* ChatVC.swift */,
				8630BEF62119509800767004 /* ChannelVC.swift */,
				86B7783B2119D0B5004D5FB9 /* LoginVC.swift */,
				86B7783D2119D3F7004D5FB9 /* CreateAccountVC.swift */,
				862A2F24211D451400C7EB02 /* AvatarPickerVC.swift */,
				862A2F33211D9B0700C7EB02 /* UserProfileVC.swift */,
				86B7458D211EA60B00294B2A /* AddChannelVC.swift */,
			);
			path = Controller;
			sourceTree = "<group>";
		};
		86E1C77621199B93005A5BDF /* View */ = {
			isa = PBXGroup;
			children = (
				86B74595211EF55100294B2A /* KeyboardBoundView.swift */,
				86B778362119B378004D5FB9 /* GradientView.swift */,
				862A2F20211AEB0200C7EB02 /* RoundedButton.swift */,
				862A2F26211D48E100C7EB02 /* AvatarCell.swift */,
				862A2F28211D597600C7EB02 /* CircleImage.swift */,
				86B7458B211E9ECB00294B2A /* ChannelCell.swift */,
				86B74597211EF90D00294B2A /* MessageCell.swift */,
			);
			path = View;
			sourceTree = "<group>";
		};
		86E1C77721199B9F005A5BDF /* Model */ = {
			isa = PBXGroup;
			children = (
				86B74589211E95DD00294B2A /* Channel.swift */,
				86B74593211ED9FB00294B2A /* Message.swift */,
			);
			path = Model;
			sourceTree = "<group>";
		};
		CE9B8BDB54E4F3B5F84E2A55 /* Pods */ = {
			isa = PBXGroup;
			children = (
				1A2EA306AFC451F45DFD50D5 /* Pods-Smack.debug.xcconfig */,
				3BB0070DF0ABAC5198CDD460 /* Pods-Smack.release.xcconfig */,
			);
			name = Pods;
			sourceTree = "<group>";
		};
/* End PBXGroup section */

/* Begin PBXNativeTarget section */
		8630BEF02119509800767004 /* Smack */ = {
			isa = PBXNativeTarget;
			buildConfigurationList = 8630BF032119509800767004 /* Build configuration list for PBXNativeTarget "Smack" */;
			buildPhases = (
				E6B2628C0378EBC5B69D5653 /* [CP] Check Pods Manifest.lock */,
				8630BEED2119509800767004 /* Sources */,
				8630BEEE2119509800767004 /* Frameworks */,
				8630BEEF2119509800767004 /* Resources */,
				D98AB1BF5142BD3FB0860C66 /* [CP] Embed Pods Frameworks */,
			);
			buildRules = (
			);
			dependencies = (
			);
			name = Smack;
			productName = Smack;
			productReference = 8630BEF12119509800767004 /* Smack.app */;
			productType = "com.apple.product-type.application";
		};
/* End PBXNativeTarget section */

/* Begin PBXProject section */
		8630BEE92119509800767004 /* Project object */ = {
			isa = PBXProject;
			attributes = {
				LastSwiftUpdateCheck = 0920;
				LastUpgradeCheck = 0920;
				ORGANIZATIONNAME = Zensar;
				TargetAttributes = {
					8630BEF02119509800767004 = {
						CreatedOnToolsVersion = 9.2;
						LastSwiftMigration = 0920;
						ProvisioningStyle = Automatic;
					};
				};
			};
			buildConfigurationList = 8630BEEC2119509800767004 /* Build configuration list for PBXProject "Smack" */;
			compatibilityVersion = "Xcode 8.0";
			developmentRegion = en;
			hasScannedForEncodings = 0;
			knownRegions = (
				en,
				Base,
			);
			mainGroup = 8630BEE82119509800767004;
			productRefGroup = 8630BEF22119509800767004 /* Products */;
			projectDirPath = "";
			projectRoot = "";
			targets = (
				8630BEF02119509800767004 /* Smack */,
			);
		};
/* End PBXProject section */

/* Begin PBXResourcesBuildPhase section */
		8630BEEF2119509800767004 /* Resources */ = {
			isa = PBXResourcesBuildPhase;
			buildActionMask = 2147483647;
			files = (
				86B74590211EA60B00294B2A /* AddChannelVC.xib in Resources */,
				862A2F2D211D896600C7EB02 /* UserProfileVC.xib in Resources */,
				8630BEFF2119509800767004 /* LaunchScreen.storyboard in Resources */,
				8630BEFC2119509800767004 /* Assets.xcassets in Resources */,
				8630BEFA2119509800767004 /* Main.storyboard in Resources */,
			);
			runOnlyForDeploymentPostprocessing = 0;
		};
/* End PBXResourcesBuildPhase section */

/* Begin PBXShellScriptBuildPhase section */
		D98AB1BF5142BD3FB0860C66 /* [CP] Embed Pods Frameworks */ = {
			isa = PBXShellScriptBuildPhase;
			buildActionMask = 2147483647;
			files = (
			);
			inputPaths = (
				"${SRCROOT}/Pods/Target Support Files/Pods-Smack/Pods-Smack-frameworks.sh",
				"${BUILT_PRODUCTS_DIR}/Alamofire/Alamofire.framework",
				"${BUILT_PRODUCTS_DIR}/Socket.IO-Client-Swift/SocketIO.framework",
				"${BUILT_PRODUCTS_DIR}/SwiftyJSON/SwiftyJSON.framework",
			);
			name = "[CP] Embed Pods Frameworks";
			outputPaths = (
				"${TARGET_BUILD_DIR}/${FRAMEWORKS_FOLDER_PATH}/Alamofire.framework",
				"${TARGET_BUILD_DIR}/${FRAMEWORKS_FOLDER_PATH}/SocketIO.framework",
				"${TARGET_BUILD_DIR}/${FRAMEWORKS_FOLDER_PATH}/SwiftyJSON.framework",
			);
			runOnlyForDeploymentPostprocessing = 0;
			shellPath = /bin/sh;
			shellScript = "\"${SRCROOT}/Pods/Target Support Files/Pods-Smack/Pods-Smack-frameworks.sh\"\n";
			showEnvVarsInLog = 0;
		};
		E6B2628C0378EBC5B69D5653 /* [CP] Check Pods Manifest.lock */ = {
			isa = PBXShellScriptBuildPhase;
			buildActionMask = 2147483647;
			files = (
			);
			inputPaths = (
				"${PODS_PODFILE_DIR_PATH}/Podfile.lock",
				"${PODS_ROOT}/Manifest.lock",
			);
			name = "[CP] Check Pods Manifest.lock";
			outputPaths = (
				"$(DERIVED_FILE_DIR)/Pods-Smack-checkManifestLockResult.txt",
			);
			runOnlyForDeploymentPostprocessing = 0;
			shellPath = /bin/sh;
			shellScript = "diff \"${PODS_PODFILE_DIR_PATH}/Podfile.lock\" \"${PODS_ROOT}/Manifest.lock\" > /dev/null\nif [ $? != 0 ] ; then\n    # print error to STDERR\n    echo \"error: The sandbox is not in sync with the Podfile.lock. Run 'pod install' or update your CocoaPods installation.\" >&2\n    exit 1\nfi\n# This output is used by Xcode 'outputs' to avoid re-running this script phase.\necho \"SUCCESS\" > \"${SCRIPT_OUTPUT_FILE_0}\"\n";
			showEnvVarsInLog = 0;
		};
/* End PBXShellScriptBuildPhase section */

/* Begin PBXSourcesBuildPhase section */
		8630BEED2119509800767004 /* Sources */ = {
			isa = PBXSourcesBuildPhase;
			buildActionMask = 2147483647;
			files = (
				86B74596211EF55200294B2A /* KeyboardBoundView.swift in Sources */,
				86B74592211EB7B300294B2A /* SocketService.swift in Sources */,
				862A2F34211D9B0700C7EB02 /* UserProfileVC.swift in Sources */,
				86B7458C211E9ECB00294B2A /* ChannelCell.swift in Sources */,
				86B778352119ABDD004D5FB9 /* ChatVC.swift in Sources */,
				862A2F25211D451400C7EB02 /* AvatarPickerVC.swift in Sources */,
				86B74598211EF90D00294B2A /* MessageCell.swift in Sources */,
				862A2F21211AEB0200C7EB02 /* RoundedButton.swift in Sources */,
				86B74594211ED9FB00294B2A /* Message.swift in Sources */,
				86B7458A211E95DD00294B2A /* Channel.swift in Sources */,
				862A2F29211D597600C7EB02 /* CircleImage.swift in Sources */,
				8630BEF72119509800767004 /* ChannelVC.swift in Sources */,
				862A2F23211AFADA00C7EB02 /* UserDataService.swift in Sources */,
				86B7783E2119D3F7004D5FB9 /* CreateAccountVC.swift in Sources */,
				862A2F1F211AC9DB00C7EB02 /* AuthService.swift in Sources */,
				86B74588211E956F00294B2A /* MessagesService.swift in Sources */,
				86B778372119B378004D5FB9 /* GradientView.swift in Sources */,
				86B7458F211EA60B00294B2A /* AddChannelVC.swift in Sources */,
				8630BEF52119509800767004 /* AppDelegate.swift in Sources */,
				862A2F27211D48E100C7EB02 /* AvatarCell.swift in Sources */,
				86C2B44F211993160024659F /* SWRevealViewController.m in Sources */,
				86B7783A2119C6E6004D5FB9 /* Constants.swift in Sources */,
				86B7783C2119D0B5004D5FB9 /* LoginVC.swift in Sources */,
			);
			runOnlyForDeploymentPostprocessing = 0;
		};
/* End PBXSourcesBuildPhase section */

/* Begin PBXVariantGroup section */
		8630BEF82119509800767004 /* Main.storyboard */ = {
			isa = PBXVariantGroup;
			children = (
				8630BEF92119509800767004 /* Base */,
			);
			name = Main.storyboard;
			sourceTree = "<group>";
		};
		8630BEFD2119509800767004 /* LaunchScreen.storyboard */ = {
			isa = PBXVariantGroup;
			children = (
				8630BEFE2119509800767004 /* Base */,
			);
			name = LaunchScreen.storyboard;
			sourceTree = "<group>";
		};
/* End PBXVariantGroup section */

/* Begin XCBuildConfiguration section */
		8630BF012119509800767004 /* Debug */ = {
			isa = XCBuildConfiguration;
			buildSettings = {
				ALWAYS_SEARCH_USER_PATHS = NO;
				CLANG_ANALYZER_NONNULL = YES;
				CLANG_ANALYZER_NUMBER_OBJECT_CONVERSION = YES_AGGRESSIVE;
				CLANG_CXX_LANGUAGE_STANDARD = "gnu++14";
				CLANG_CXX_LIBRARY = "libc++";
				CLANG_ENABLE_MODULES = YES;
				CLANG_ENABLE_OBJC_ARC = YES;
				CLANG_WARN_BLOCK_CAPTURE_AUTORELEASING = YES;
				CLANG_WARN_BOOL_CONVERSION = YES;
				CLANG_WARN_COMMA = YES;
				CLANG_WARN_CONSTANT_CONVERSION = YES;
				CLANG_WARN_DIRECT_OBJC_ISA_USAGE = YES_ERROR;
				CLANG_WARN_DOCUMENTATION_COMMENTS = YES;
				CLANG_WARN_EMPTY_BODY = YES;
				CLANG_WARN_ENUM_CONVERSION = YES;
				CLANG_WARN_INFINITE_RECURSION = YES;
				CLANG_WARN_INT_CONVERSION = YES;
				CLANG_WARN_NON_LITERAL_NULL_CONVERSION = YES;
				CLANG_WARN_OBJC_LITERAL_CONVERSION = YES;
				CLANG_WARN_OBJC_ROOT_CLASS = YES_ERROR;
				CLANG_WARN_RANGE_LOOP_ANALYSIS = YES;
				CLANG_WARN_STRICT_PROTOTYPES = YES;
				CLANG_WARN_SUSPICIOUS_MOVE = YES;
				CLANG_WARN_UNGUARDED_AVAILABILITY = YES_AGGRESSIVE;
				CLANG_WARN_UNREACHABLE_CODE = YES;
				CLANG_WARN__DUPLICATE_METHOD_MATCH = YES;
				CODE_SIGN_IDENTITY = "iPhone Developer";
				COPY_PHASE_STRIP = NO;
				DEBUG_INFORMATION_FORMAT = dwarf;
				ENABLE_STRICT_OBJC_MSGSEND = YES;
				ENABLE_TESTABILITY = YES;
				GCC_C_LANGUAGE_STANDARD = gnu11;
				GCC_DYNAMIC_NO_PIC = NO;
				GCC_NO_COMMON_BLOCKS = YES;
				GCC_OPTIMIZATION_LEVEL = 0;
				GCC_PREPROCESSOR_DEFINITIONS = (
					"DEBUG=1",
					"$(inherited)",
				);
				GCC_WARN_64_TO_32_BIT_CONVERSION = YES;
				GCC_WARN_ABOUT_RETURN_TYPE = YES_ERROR;
				GCC_WARN_UNDECLARED_SELECTOR = YES;
				GCC_WARN_UNINITIALIZED_AUTOS = YES_AGGRESSIVE;
				GCC_WARN_UNUSED_FUNCTION = YES;
				GCC_WARN_UNUSED_VARIABLE = YES;
				IPHONEOS_DEPLOYMENT_TARGET = 11.2;
				MTL_ENABLE_DEBUG_INFO = YES;
				ONLY_ACTIVE_ARCH = YES;
				SDKROOT = iphoneos;
				SWIFT_ACTIVE_COMPILATION_CONDITIONS = DEBUG;
				SWIFT_OPTIMIZATION_LEVEL = "-Onone";
			};
			name = Debug;
		};
		8630BF022119509800767004 /* Release */ = {
			isa = XCBuildConfiguration;
			buildSettings = {
				ALWAYS_SEARCH_USER_PATHS = NO;
				CLANG_ANALYZER_NONNULL = YES;
				CLANG_ANALYZER_NUMBER_OBJECT_CONVERSION = YES_AGGRESSIVE;
				CLANG_CXX_LANGUAGE_STANDARD = "gnu++14";
				CLANG_CXX_LIBRARY = "libc++";
				CLANG_ENABLE_MODULES = YES;
				CLANG_ENABLE_OBJC_ARC = YES;
				CLANG_WARN_BLOCK_CAPTURE_AUTORELEASING = YES;
				CLANG_WARN_BOOL_CONVERSION = YES;
				CLANG_WARN_COMMA = YES;
				CLANG_WARN_CONSTANT_CONVERSION = YES;
				CLANG_WARN_DIRECT_OBJC_ISA_USAGE = YES_ERROR;
				CLANG_WARN_DOCUMENTATION_COMMENTS = YES;
				CLANG_WARN_EMPTY_BODY = YES;
				CLANG_WARN_ENUM_CONVERSION = YES;
				CLANG_WARN_INFINITE_RECURSION = YES;
				CLANG_WARN_INT_CONVERSION = YES;
				CLANG_WARN_NON_LITERAL_NULL_CONVERSION = YES;
				CLANG_WARN_OBJC_LITERAL_CONVERSION = YES;
				CLANG_WARN_OBJC_ROOT_CLASS = YES_ERROR;
				CLANG_WARN_RANGE_LOOP_ANALYSIS = YES;
				CLANG_WARN_STRICT_PROTOTYPES = YES;
				CLANG_WARN_SUSPICIOUS_MOVE = YES;
				CLANG_WARN_UNGUARDED_AVAILABILITY = YES_AGGRESSIVE;
				CLANG_WARN_UNREACHABLE_CODE = YES;
				CLANG_WARN__DUPLICATE_METHOD_MATCH = YES;
				CODE_SIGN_IDENTITY = "iPhone Developer";
				COPY_PHASE_STRIP = NO;
				DEBUG_INFORMATION_FORMAT = "dwarf-with-dsym";
				ENABLE_NS_ASSERTIONS = NO;
				ENABLE_STRICT_OBJC_MSGSEND = YES;
				GCC_C_LANGUAGE_STANDARD = gnu11;
				GCC_NO_COMMON_BLOCKS = YES;
				GCC_WARN_64_TO_32_BIT_CONVERSION = YES;
				GCC_WARN_ABOUT_RETURN_TYPE = YES_ERROR;
				GCC_WARN_UNDECLARED_SELECTOR = YES;
				GCC_WARN_UNINITIALIZED_AUTOS = YES_AGGRESSIVE;
				GCC_WARN_UNUSED_FUNCTION = YES;
				GCC_WARN_UNUSED_VARIABLE = YES;
				IPHONEOS_DEPLOYMENT_TARGET = 11.2;
				MTL_ENABLE_DEBUG_INFO = NO;
				SDKROOT = iphoneos;
				SWIFT_OPTIMIZATION_LEVEL = "-Owholemodule";
				VALIDATE_PRODUCT = YES;
			};
			name = Release;
		};
		8630BF042119509800767004 /* Debug */ = {
			isa = XCBuildConfiguration;
			baseConfigurationReference = 1A2EA306AFC451F45DFD50D5 /* Pods-Smack.debug.xcconfig */;
			buildSettings = {
				ASSETCATALOG_COMPILER_APPICON_NAME = AppIcon;
				CLANG_ENABLE_MODULES = YES;
				CODE_SIGN_STYLE = Automatic;
				DEVELOPMENT_TEAM = W7WC73U7RM;
				INFOPLIST_FILE = Smack/Info.plist;
				LD_RUNPATH_SEARCH_PATHS = "$(inherited) @executable_path/Frameworks";
				PRODUCT_BUNDLE_IDENTIFIER = com.zensar.Smack;
				PRODUCT_NAME = "$(TARGET_NAME)";
				SWIFT_OBJC_BRIDGING_HEADER = "Smack/Supporting Files/Smack-Bridging-Header.h";
				SWIFT_OPTIMIZATION_LEVEL = "-Onone";
				SWIFT_VERSION = 4.0;
				TARGETED_DEVICE_FAMILY = "1,2";
			};
			name = Debug;
		};
		8630BF052119509800767004 /* Release */ = {
			isa = XCBuildConfiguration;
			baseConfigurationReference = 3BB0070DF0ABAC5198CDD460 /* Pods-Smack.release.xcconfig */;
			buildSettings = {
				ASSETCATALOG_COMPILER_APPICON_NAME = AppIcon;
				CLANG_ENABLE_MODULES = YES;
				CODE_SIGN_STYLE = Automatic;
				DEVELOPMENT_TEAM = W7WC73U7RM;
				INFOPLIST_FILE = Smack/Info.plist;
				LD_RUNPATH_SEARCH_PATHS = "$(inherited) @executable_path/Frameworks";
				PRODUCT_BUNDLE_IDENTIFIER = com.zensar.Smack;
				PRODUCT_NAME = "$(TARGET_NAME)";
				SWIFT_OBJC_BRIDGING_HEADER = "Smack/Supporting Files/Smack-Bridging-Header.h";
				SWIFT_VERSION = 4.0;
				TARGETED_DEVICE_FAMILY = "1,2";
			};
			name = Release;
		};
/* End XCBuildConfiguration section */

/* Begin XCConfigurationList section */
		8630BEEC2119509800767004 /* Build configuration list for PBXProject "Smack" */ = {
			isa = XCConfigurationList;
			buildConfigurations = (
				8630BF012119509800767004 /* Debug */,
				8630BF022119509800767004 /* Release */,
			);
			defaultConfigurationIsVisible = 0;
			defaultConfigurationName = Release;
		};
		8630BF032119509800767004 /* Build configuration list for PBXNativeTarget "Smack" */ = {
			isa = XCConfigurationList;
			buildConfigurations = (
				8630BF042119509800767004 /* Debug */,
				8630BF052119509800767004 /* Release */,
			);
			defaultConfigurationIsVisible = 0;
			defaultConfigurationName = Release;
		};
/* End XCConfigurationList section */
	};
	rootObject = 8630BEE92119509800767004 /* Project object */;
}
