// !$*UTF8*$!
{
	archiveVersion = 1;
	classes = {
	};
	objectVersion = 48;
	objects = {

/* Begin PBXBuildFile section */
		8630BE55211460B900767004 /* AppDelegate.swift in Sources */ = {isa = PBXBuildFile; fileRef = 8630BE54211460B900767004 /* AppDelegate.swift */; };
		8630BE57211460B900767004 /* WelcomeVC.swift in Sources */ = {isa = PBXBuildFile; fileRef = 8630BE56211460B900767004 /* WelcomeVC.swift */; };
		8630BE5A211460B900767004 /* Main.storyboard in Resources */ = {isa = PBXBuildFile; fileRef = 8630BE58211460B900767004 /* Main.storyboard */; };
		8630BE5C211460B900767004 /* Assets.xcassets in Resources */ = {isa = PBXBuildFile; fileRef = 8630BE5B211460B900767004 /* Assets.xcassets */; };
		8630BE5F211460B900767004 /* LaunchScreen.storyboard in Resources */ = {isa = PBXBuildFile; fileRef = 8630BE5D211460B900767004 /* LaunchScreen.storyboard */; };
		8630BE6821146A2300767004 /* BorderButton.swift in Sources */ = {isa = PBXBuildFile; fileRef = 8630BE6721146A2300767004 /* BorderButton.swift */; };
		8630BE6C211493D900767004 /* LeagueVC.swift in Sources */ = {isa = PBXBuildFile; fileRef = 8630BE6B211493D900767004 /* LeagueVC.swift */; };
		8630BE6E211493FD00767004 /* SkillVC.swift in Sources */ = {isa = PBXBuildFile; fileRef = 8630BE6D211493FD00767004 /* SkillVC.swift */; };
		8630BE702117FDC600767004 /* Player.swift in Sources */ = {isa = PBXBuildFile; fileRef = 8630BE6F2117FDC600767004 /* Player.swift */; };
/* End PBXBuildFile section */

/* Begin PBXFileReference section */
		8630BE51211460B900767004 /* app-swoosh.app */ = {isa = PBXFileReference; explicitFileType = wrapper.application; includeInIndex = 0; path = "app-swoosh.app"; sourceTree = BUILT_PRODUCTS_DIR; };
		8630BE54211460B900767004 /* AppDelegate.swift */ = {isa = PBXFileReference; lastKnownFileType = sourcecode.swift; path = AppDelegate.swift; sourceTree = "<group>"; };
		8630BE56211460B900767004 /* WelcomeVC.swift */ = {isa = PBXFileReference; lastKnownFileType = sourcecode.swift; path = WelcomeVC.swift; sourceTree = "<group>"; };
		8630BE59211460B900767004 /* Base */ = {isa = PBXFileReference; lastKnownFileType = file.storyboard; name = Base; path = Base.lproj/Main.storyboard; sourceTree = "<group>"; };
		8630BE5B211460B900767004 /* Assets.xcassets */ = {isa = PBXFileReference; lastKnownFileType = folder.assetcatalog; path = Assets.xcassets; sourceTree = "<group>"; };
		8630BE5E211460B900767004 /* Base */ = {isa = PBXFileReference; lastKnownFileType = file.storyboard; name = Base; path = Base.lproj/LaunchScreen.storyboard; sourceTree = "<group>"; };
		8630BE60211460B900767004 /* Info.plist */ = {isa = PBXFileReference; lastKnownFileType = text.plist.xml; path = Info.plist; sourceTree = "<group>"; };
		8630BE6721146A2300767004 /* BorderButton.swift */ = {isa = PBXFileReference; lastKnownFileType = sourcecode.swift; path = BorderButton.swift; sourceTree = "<group>"; };
		8630BE6B211493D900767004 /* LeagueVC.swift */ = {isa = PBXFileReference; lastKnownFileType = sourcecode.swift; path = LeagueVC.swift; sourceTree = "<group>"; };
		8630BE6D211493FD00767004 /* SkillVC.swift */ = {isa = PBXFileReference; lastKnownFileType = sourcecode.swift; path = SkillVC.swift; sourceTree = "<group>"; };
		8630BE6F2117FDC600767004 /* Player.swift */ = {isa = PBXFileReference; lastKnownFileType = sourcecode.swift; path = Player.swift; sourceTree = "<group>"; };
/* End PBXFileReference section */

/* Begin PBXFrameworksBuildPhase section */
		8630BE4E211460B900767004 /* Frameworks */ = {
			isa = PBXFrameworksBuildPhase;
			buildActionMask = 2147483647;
			files = (
			);
			runOnlyForDeploymentPostprocessing = 0;
		};
/* End PBXFrameworksBuildPhase section */

/* Begin PBXGroup section */
		8630BE48211460B900767004 = {
			isa = PBXGroup;
			children = (
				8630BE53211460B900767004 /* app-swoosh */,
				8630BE52211460B900767004 /* Products */,
			);
			sourceTree = "<group>";
		};
		8630BE52211460B900767004 /* Products */ = {
			isa = PBXGroup;
			children = (
				8630BE51211460B900767004 /* app-swoosh.app */,
			);
			name = Products;
			sourceTree = "<group>";
		};
		8630BE53211460B900767004 /* app-swoosh */ = {
			isa = PBXGroup;
			children = (
				8630BE6A2114935F00767004 /* Controller */,
				8630BE692114933700767004 /* Modal */,
				8630BE66211469EA00767004 /* View */,
				8630BE54211460B900767004 /* AppDelegate.swift */,
				8630BE58211460B900767004 /* Main.storyboard */,
				8630BE5B211460B900767004 /* Assets.xcassets */,
				8630BE5D211460B900767004 /* LaunchScreen.storyboard */,
				8630BE60211460B900767004 /* Info.plist */,
			);
			path = "app-swoosh";
			sourceTree = "<group>";
		};
		8630BE66211469EA00767004 /* View */ = {
			isa = PBXGroup;
			children = (
				8630BE6721146A2300767004 /* BorderButton.swift */,
			);
			path = View;
			sourceTree = "<group>";
		};
		8630BE692114933700767004 /* Modal */ = {
			isa = PBXGroup;
			children = (
				8630BE6F2117FDC600767004 /* Player.swift */,
			);
			path = Modal;
			sourceTree = "<group>";
		};
		8630BE6A2114935F00767004 /* Controller */ = {
			isa = PBXGroup;
			children = (
				8630BE56211460B900767004 /* WelcomeVC.swift */,
				8630BE6B211493D900767004 /* LeagueVC.swift */,
				8630BE6D211493FD00767004 /* SkillVC.swift */,
			);
			path = Controller;
			sourceTree = "<group>";
		};
/* End PBXGroup section */

/* Begin PBXNativeTarget section */
		8630BE50211460B900767004 /* app-swoosh */ = {
			isa = PBXNativeTarget;
			buildConfigurationList = 8630BE63211460B900767004 /* Build configuration list for PBXNativeTarget "app-swoosh" */;
			buildPhases = (
				8630BE4D211460B900767004 /* Sources */,
				8630BE4E211460B900767004 /* Frameworks */,
				8630BE4F211460B900767004 /* Resources */,
			);
			buildRules = (
			);
			dependencies = (
			);
			name = "app-swoosh";
			productName = "app-swoosh";
			productReference = 8630BE51211460B900767004 /* app-swoosh.app */;
			productType = "com.apple.product-type.application";
		};
/* End PBXNativeTarget section */

/* Begin PBXProject section */
		8630BE49211460B900767004 /* Project object */ = {
			isa = PBXProject;
			attributes = {
				LastSwiftUpdateCheck = 0920;
				LastUpgradeCheck = 0920;
				ORGANIZATIONNAME = Zensar;
				TargetAttributes = {
					8630BE50211460B900767004 = {
						CreatedOnToolsVersion = 9.2;
						ProvisioningStyle = Automatic;
					};
				};
			};
			buildConfigurationList = 8630BE4C211460B900767004 /* Build configuration list for PBXProject "app-swoosh" */;
			compatibilityVersion = "Xcode 8.0";
			developmentRegion = en;
			hasScannedForEncodings = 0;
			knownRegions = (
				en,
				Base,
			);
			mainGroup = 8630BE48211460B900767004;
			productRefGroup = 8630BE52211460B900767004 /* Products */;
			projectDirPath = "";
			projectRoot = "";
			targets = (
				8630BE50211460B900767004 /* app-swoosh */,
			);
		};
/* End PBXProject section */

/* Begin PBXResourcesBuildPhase section */
		8630BE4F211460B900767004 /* Resources */ = {
			isa = PBXResourcesBuildPhase;
			buildActionMask = 2147483647;
			files = (
				8630BE5F211460B900767004 /* LaunchScreen.storyboard in Resources */,
				8630BE5C211460B900767004 /* Assets.xcassets in Resources */,
				8630BE5A211460B900767004 /* Main.storyboard in Resources */,
			);
			runOnlyForDeploymentPostprocessing = 0;
		};
/* End PBXResourcesBuildPhase section */

/* Begin PBXSourcesBuildPhase section */
		8630BE4D211460B900767004 /* Sources */ = {
			isa = PBXSourcesBuildPhase;
			buildActionMask = 2147483647;
			files = (
				8630BE57211460B900767004 /* WelcomeVC.swift in Sources */,
				8630BE702117FDC600767004 /* Player.swift in Sources */,
				8630BE6C211493D900767004 /* LeagueVC.swift in Sources */,
				8630BE55211460B900767004 /* AppDelegate.swift in Sources */,
				8630BE6E211493FD00767004 /* SkillVC.swift in Sources */,
				8630BE6821146A2300767004 /* BorderButton.swift in Sources */,
			);
			runOnlyForDeploymentPostprocessing = 0;
		};
/* End PBXSourcesBuildPhase section */

/* Begin PBXVariantGroup section */
		8630BE58211460B900767004 /* Main.storyboard */ = {
			isa = PBXVariantGroup;
			children = (
				8630BE59211460B900767004 /* Base */,
			);
			name = Main.storyboard;
			sourceTree = "<group>";
		};
		8630BE5D211460B900767004 /* LaunchScreen.storyboard */ = {
			isa = PBXVariantGroup;
			children = (
				8630BE5E211460B900767004 /* Base */,
			);
			name = LaunchScreen.storyboard;
			sourceTree = "<group>";
		};
/* End PBXVariantGroup section */

/* Begin XCBuildConfiguration section */
		8630BE61211460B900767004 /* Debug */ = {
			isa = XCBuildConfiguration;
			buildSettings = {
				ALWAYS_SEARCH_USER_PATHS = NO;
				CLANG_ANALYZER_NONNULL = YES;
				CLANG_ANALYZER_NUMBER_OBJECT_CONVERSION = YES_AGGRESSIVE;
				CLANG_CXX_LANGUAGE_STANDARD = "gnu++14";
				CLANG_CXX_LIBRARY = "libc++";
				CLANG_ENABLE_MODULES = YES;
				CLANG_ENABLE_OBJC_ARC = YES;
				CLANG_WARN_BLOCK_CAPTURE_AUTORELEASING = YES;
				CLANG_WARN_BOOL_CONVERSION = YES;
				CLANG_WARN_COMMA = YES;
				CLANG_WARN_CONSTANT_CONVERSION = YES;
				CLANG_WARN_DIRECT_OBJC_ISA_USAGE = YES_ERROR;
				CLANG_WARN_DOCUMENTATION_COMMENTS = YES;
				CLANG_WARN_EMPTY_BODY = YES;
				CLANG_WARN_ENUM_CONVERSION = YES;
				CLANG_WARN_INFINITE_RECURSION = YES;
				CLANG_WARN_INT_CONVERSION = YES;
				CLANG_WARN_NON_LITERAL_NULL_CONVERSION = YES;
				CLANG_WARN_OBJC_LITERAL_CONVERSION = YES;
				CLANG_WARN_OBJC_ROOT_CLASS = YES_ERROR;
				CLANG_WARN_RANGE_LOOP_ANALYSIS = YES;
				CLANG_WARN_STRICT_PROTOTYPES = YES;
				CLANG_WARN_SUSPICIOUS_MOVE = YES;
				CLANG_WARN_UNGUARDED_AVAILABILITY = YES_AGGRESSIVE;
				CLANG_WARN_UNREACHABLE_CODE = YES;
				CLANG_WARN__DUPLICATE_METHOD_MATCH = YES;
				CODE_SIGN_IDENTITY = "iPhone Developer";
				COPY_PHASE_STRIP = NO;
				DEBUG_INFORMATION_FORMAT = dwarf;
				ENABLE_STRICT_OBJC_MSGSEND = YES;
				ENABLE_TESTABILITY = YES;
				GCC_C_LANGUAGE_STANDARD = gnu11;
				GCC_DYNAMIC_NO_PIC = NO;
				GCC_NO_COMMON_BLOCKS = YES;
				GCC_OPTIMIZATION_LEVEL = 0;
				GCC_PREPROCESSOR_DEFINITIONS = (
					"DEBUG=1",
					"$(inherited)",
				);
				GCC_WARN_64_TO_32_BIT_CONVERSION = YES;
				GCC_WARN_ABOUT_RETURN_TYPE = YES_ERROR;
				GCC_WARN_UNDECLARED_SELECTOR = YES;
				GCC_WARN_UNINITIALIZED_AUTOS = YES_AGGRESSIVE;
				GCC_WARN_UNUSED_FUNCTION = YES;
				GCC_WARN_UNUSED_VARIABLE = YES;
				IPHONEOS_DEPLOYMENT_TARGET = 11.2;
				MTL_ENABLE_DEBUG_INFO = YES;
				ONLY_ACTIVE_ARCH = YES;
				SDKROOT = iphoneos;
				SWIFT_ACTIVE_COMPILATION_CONDITIONS = DEBUG;
				SWIFT_OPTIMIZATION_LEVEL = "-Onone";
			};
			name = Debug;
		};
		8630BE62211460B900767004 /* Release */ = {
			isa = XCBuildConfiguration;
			buildSettings = {
				ALWAYS_SEARCH_USER_PATHS = NO;
				CLANG_ANALYZER_NONNULL = YES;
				CLANG_ANALYZER_NUMBER_OBJECT_CONVERSION = YES_AGGRESSIVE;
				CLANG_CXX_LANGUAGE_STANDARD = "gnu++14";
				CLANG_CXX_LIBRARY = "libc++";
				CLANG_ENABLE_MODULES = YES;
				CLANG_ENABLE_OBJC_ARC = YES;
				CLANG_WARN_BLOCK_CAPTURE_AUTORELEASING = YES;
				CLANG_WARN_BOOL_CONVERSION = YES;
				CLANG_WARN_COMMA = YES;
				CLANG_WARN_CONSTANT_CONVERSION = YES;
				CLANG_WARN_DIRECT_OBJC_ISA_USAGE = YES_ERROR;
				CLANG_WARN_DOCUMENTATION_COMMENTS = YES;
				CLANG_WARN_EMPTY_BODY = YES;
				CLANG_WARN_ENUM_CONVERSION = YES;
				CLANG_WARN_INFINITE_RECURSION = YES;
				CLANG_WARN_INT_CONVERSION = YES;
				CLANG_WARN_NON_LITERAL_NULL_CONVERSION = YES;
				CLANG_WARN_OBJC_LITERAL_CONVERSION = YES;
				CLANG_WARN_OBJC_ROOT_CLASS = YES_ERROR;
				CLANG_WARN_RANGE_LOOP_ANALYSIS = YES;
				CLANG_WARN_STRICT_PROTOTYPES = YES;
				CLANG_WARN_SUSPICIOUS_MOVE = YES;
				CLANG_WARN_UNGUARDED_AVAILABILITY = YES_AGGRESSIVE;
				CLANG_WARN_UNREACHABLE_CODE = YES;
				CLANG_WARN__DUPLICATE_METHOD_MATCH = YES;
				CODE_SIGN_IDENTITY = "iPhone Developer";
				COPY_PHASE_STRIP = NO;
				DEBUG_INFORMATION_FORMAT = "dwarf-with-dsym";
				ENABLE_NS_ASSERTIONS = NO;
				ENABLE_STRICT_OBJC_MSGSEND = YES;
				GCC_C_LANGUAGE_STANDARD = gnu11;
				GCC_NO_COMMON_BLOCKS = YES;
				GCC_WARN_64_TO_32_BIT_CONVERSION = YES;
				GCC_WARN_ABOUT_RETURN_TYPE = YES_ERROR;
				GCC_WARN_UNDECLARED_SELECTOR = YES;
				GCC_WARN_UNINITIALIZED_AUTOS = YES_AGGRESSIVE;
				GCC_WARN_UNUSED_FUNCTION = YES;
				GCC_WARN_UNUSED_VARIABLE = YES;
				IPHONEOS_DEPLOYMENT_TARGET = 11.2;
				MTL_ENABLE_DEBUG_INFO = NO;
				SDKROOT = iphoneos;
				SWIFT_OPTIMIZATION_LEVEL = "-Owholemodule";
				VALIDATE_PRODUCT = YES;
			};
			name = Release;
		};
		8630BE64211460B900767004 /* Debug */ = {
			isa = XCBuildConfiguration;
			buildSettings = {
				ASSETCATALOG_COMPILER_APPICON_NAME = AppIcon;
				CODE_SIGN_STYLE = Automatic;
				INFOPLIST_FILE = "app-swoosh/Info.plist";
				LD_RUNPATH_SEARCH_PATHS = "$(inherited) @executable_path/Frameworks";
				PRODUCT_BUNDLE_IDENTIFIER = "com.zensar.app-swoosh";
				PRODUCT_NAME = "$(TARGET_NAME)";
				SWIFT_VERSION = 4.0;
				TARGETED_DEVICE_FAMILY = "1,2";
			};
			name = Debug;
		};
		8630BE65211460B900767004 /* Release */ = {
			isa = XCBuildConfiguration;
			buildSettings = {
				ASSETCATALOG_COMPILER_APPICON_NAME = AppIcon;
				CODE_SIGN_STYLE = Automatic;
				INFOPLIST_FILE = "app-swoosh/Info.plist";
				LD_RUNPATH_SEARCH_PATHS = "$(inherited) @executable_path/Frameworks";
				PRODUCT_BUNDLE_IDENTIFIER = "com.zensar.app-swoosh";
				PRODUCT_NAME = "$(TARGET_NAME)";
				SWIFT_VERSION = 4.0;
				TARGETED_DEVICE_FAMILY = "1,2";
			};
			name = Release;
		};
/* End XCBuildConfiguration section */

/* Begin XCConfigurationList section */
		8630BE4C211460B900767004 /* Build configuration list for PBXProject "app-swoosh" */ = {
			isa = XCConfigurationList;
			buildConfigurations = (
				8630BE61211460B900767004 /* Debug */,
				8630BE62211460B900767004 /* Release */,
			);
			defaultConfigurationIsVisible = 0;
			defaultConfigurationName = Release;
		};
		8630BE63211460B900767004 /* Build configuration list for PBXNativeTarget "app-swoosh" */ = {
			isa = XCConfigurationList;
			buildConfigurations = (
				8630BE64211460B900767004 /* Debug */,
				8630BE65211460B900767004 /* Release */,
			);
			defaultConfigurationIsVisible = 0;
			defaultConfigurationName = Release;
		};
/* End XCConfigurationList section */
	};
	rootObject = 8630BE49211460B900767004 /* Project object */;
}
